
Microsoft Visual Studio Solution File, Format Version 12.00
# Visual Studio Version 17
VisualStudioVersion = 17.3.32811.315
MinimumVisualStudioVersion = 10.0.40219.1
Project("{FAE04EC0-301F-11D3-BF4B-00C04F79EFBC}") = "CalculatorSolution", "CalculatorSolution\CalculatorSolution.csproj", "{276222DF-E70B-43D4-B82F-F4314ED57AD5}"
EndProject
Global
	GlobalSection(SolutionConfigurationPlatforms) = preSolution
		Debug|Any CPU = Debug|Any CPU
		Release|Any CPU = Release|Any CPU
	EndGlobalSection
	GlobalSection(ProjectConfigurationPlatforms) = postSolution
		{276222DF-E70B-43D4-B82F-F4314ED57AD5}.Debug|Any CPU.ActiveCfg = Debug|Any CPU
		{276222DF-E70B-43D4-B82F-F4314ED57AD5}.Debug|Any CPU.Build.0 = Debug|Any CPU
		{276222DF-E70B-43D4-B82F-F4314ED57AD5}.Release|Any CPU.ActiveCfg = Release|Any CPU
		{276222DF-E70B-43D4-B82F-F4314ED57AD5}.Release|Any CPU.Build.0 = Release|Any CPU
	EndGlobalSection
	GlobalSection(SolutionProperties) = preSolution
		HideSolutionNode = FALSE
	EndGlobalSection
	GlobalSection(ExtensibilityGlobals) = postSolution
		SolutionGuid = {65CA435A-A82F-4036-B750-CA07A9A3FA02}
	EndGlobalSection
EndGlobal
