
Microsoft Visual Studio Solution File, Format Version 12.00
# Visual Studio Version 17
VisualStudioVersion = 17.3.32811.315
MinimumVisualStudioVersion = 10.0.40219.1
Project("{FAE04EC0-301F-11D3-BF4B-00C04F79EFBC}") = "WeatherSolution", "WeatherSolution\WeatherSolution.csproj", "{23BD271B-A0B8-44F0-B6CF-F3F999AF8622}"
EndProject
Global
	GlobalSection(SolutionConfigurationPlatforms) = preSolution
		Debug|Any CPU = Debug|Any CPU
		Release|Any CPU = Release|Any CPU
	EndGlobalSection
	GlobalSection(ProjectConfigurationPlatforms) = postSolution
		{23BD271B-A0B8-44F0-B6CF-F3F999AF8622}.Debug|Any CPU.ActiveCfg = Debug|Any CPU
		{23BD271B-A0B8-44F0-B6CF-F3F999AF8622}.Debug|Any CPU.Build.0 = Debug|Any CPU
		{23BD271B-A0B8-44F0-B6CF-F3F999AF8622}.Release|Any CPU.ActiveCfg = Release|Any CPU
		{23BD271B-A0B8-44F0-B6CF-F3F999AF8622}.Release|Any CPU.Build.0 = Release|Any CPU
	EndGlobalSection
	GlobalSection(SolutionProperties) = preSolution
		HideSolutionNode = FALSE
	EndGlobalSection
	GlobalSection(ExtensibilityGlobals) = postSolution
		SolutionGuid = {F9012D01-DE42-4404-A30B-C598C758C1B7}
	EndGlobalSection
EndGlobal
