
Microsoft Visual Studio Solution File, Format Version 12.00
# Visual Studio Version 17
VisualStudioVersion = 17.1.32407.343
MinimumVisualStudioVersion = 10.0.40219.1
Project("{FAE04EC0-301F-11D3-BF4B-00C04F79EFBC}") = "ConfigurationExample", "ConfigurationExample\ConfigurationExample.csproj", "{149A915A-633C-4A48-AB1A-E2EC87C051D9}"
EndProject
Global
	GlobalSection(SolutionConfigurationPlatforms) = preSolution
		Debug|Any CPU = Debug|Any CPU
		Release|Any CPU = Release|Any CPU
	EndGlobalSection
	GlobalSection(ProjectConfigurationPlatforms) = postSolution
		{149A915A-633C-4A48-AB1A-E2EC87C051D9}.Debug|Any CPU.ActiveCfg = Debug|Any CPU
		{149A915A-633C-4A48-AB1A-E2EC87C051D9}.Debug|Any CPU.Build.0 = Debug|Any CPU
		{149A915A-633C-4A48-AB1A-E2EC87C051D9}.Release|Any CPU.ActiveCfg = Release|Any CPU
		{149A915A-633C-4A48-AB1A-E2EC87C051D9}.Release|Any CPU.Build.0 = Release|Any CPU
	EndGlobalSection
	GlobalSection(SolutionProperties) = preSolution
		HideSolutionNode = FALSE
	EndGlobalSection
	GlobalSection(ExtensibilityGlobals) = postSolution
		SolutionGuid = {3264B951-8AE4-4C23-89EE-4628F05F8FE4}
	EndGlobalSection
EndGlobal
