
Microsoft Visual Studio Solution File, Format Version 12.00
# Visual Studio Version 17
VisualStudioVersion = 17.4.33020.496
MinimumVisualStudioVersion = 10.0.40219.1
Project("{FAE04EC0-301F-11D3-BF4B-00C04F79EFBC}") = "MinimalAPI", "MinimalAPI\MinimalAPI.csproj", "{B1485115-52E9-4320-95C7-D15F1F56B1D1}"
EndProject
Global
	GlobalSection(SolutionConfigurationPlatforms) = preSolution
		Debug|Any CPU = Debug|Any CPU
		Release|Any CPU = Release|Any CPU
	EndGlobalSection
	GlobalSection(ProjectConfigurationPlatforms) = postSolution
		{B1485115-52E9-4320-95C7-D15F1F56B1D1}.Debug|Any CPU.ActiveCfg = Debug|Any CPU
		{B1485115-52E9-4320-95C7-D15F1F56B1D1}.Debug|Any CPU.Build.0 = Debug|Any CPU
		{B1485115-52E9-4320-95C7-D15F1F56B1D1}.Release|Any CPU.ActiveCfg = Release|Any CPU
		{B1485115-52E9-4320-95C7-D15F1F56B1D1}.Release|Any CPU.Build.0 = Release|Any CPU
	EndGlobalSection
	GlobalSection(SolutionProperties) = preSolution
		HideSolutionNode = FALSE
	EndGlobalSection
	GlobalSection(ExtensibilityGlobals) = postSolution
		SolutionGuid = {782C6724-2D2E-4B49-BF6F-F5AAB75E84D9}
	EndGlobalSection
EndGlobal
