
Microsoft Visual Studio Solution File, Format Version 12.00
# Visual Studio Version 17
VisualStudioVersion = 17.3.32811.315
MinimumVisualStudioVersion = 10.0.40219.1
Project("{FAE04EC0-301F-11D3-BF4B-00C04F79EFBC}") = "CountriesSolution", "CountriesSolution\CountriesSolution.csproj", "{66647544-665E-41F0-BCF8-8910117C3818}"
EndProject
Global
	GlobalSection(SolutionConfigurationPlatforms) = preSolution
		Debug|Any CPU = Debug|Any CPU
		Release|Any CPU = Release|Any CPU
	EndGlobalSection
	GlobalSection(ProjectConfigurationPlatforms) = postSolution
		{66647544-665E-41F0-BCF8-8910117C3818}.Debug|Any CPU.ActiveCfg = Debug|Any CPU
		{66647544-665E-41F0-BCF8-8910117C3818}.Debug|Any CPU.Build.0 = Debug|Any CPU
		{66647544-665E-41F0-BCF8-8910117C3818}.Release|Any CPU.ActiveCfg = Release|Any CPU
		{66647544-665E-41F0-BCF8-8910117C3818}.Release|Any CPU.Build.0 = Release|Any CPU
	EndGlobalSection
	GlobalSection(SolutionProperties) = preSolution
		HideSolutionNode = FALSE
	EndGlobalSection
	GlobalSection(ExtensibilityGlobals) = postSolution
		SolutionGuid = {A890D1E7-2316-488E-A8B4-096E76E6EE16}
	EndGlobalSection
EndGlobal
