
Microsoft Visual Studio Solution File, Format Version 12.00
# Visual Studio Version 17
VisualStudioVersion = 17.1.32319.34
MinimumVisualStudioVersion = 10.0.40219.1
Project("{FAE04EC0-301F-11D3-BF4B-00C04F79EFBC}") = "EnvironmentsExample", "EnvironmentsExample\EnvironmentsExample.csproj", "{FA473DEB-9B88-4B02-9FDA-AEF38C7798B8}"
EndProject
Global
	GlobalSection(SolutionConfigurationPlatforms) = preSolution
		Debug|Any CPU = Debug|Any CPU
		Release|Any CPU = Release|Any CPU
	EndGlobalSection
	GlobalSection(ProjectConfigurationPlatforms) = postSolution
		{FA473DEB-9B88-4B02-9FDA-AEF38C7798B8}.Debug|Any CPU.ActiveCfg = Debug|Any CPU
		{FA473DEB-9B88-4B02-9FDA-AEF38C7798B8}.Debug|Any CPU.Build.0 = Debug|Any CPU
		{FA473DEB-9B88-4B02-9FDA-AEF38C7798B8}.Release|Any CPU.ActiveCfg = Release|Any CPU
		{FA473DEB-9B88-4B02-9FDA-AEF38C7798B8}.Release|Any CPU.Build.0 = Release|Any CPU
	EndGlobalSection
	GlobalSection(SolutionProperties) = preSolution
		HideSolutionNode = FALSE
	EndGlobalSection
	GlobalSection(ExtensibilityGlobals) = postSolution
		SolutionGuid = {84A26EE8-7C7F-46E7-B3D9-60CCFB942A7E}
	EndGlobalSection
EndGlobal
