
Microsoft Visual Studio Solution File, Format Version 12.00
# Visual Studio Version 17
VisualStudioVersion = 17.14.36327.8 d17.14
MinimumVisualStudioVersion = 10.0.40219.1
Project("{FAE04EC0-301F-11D3-BF4B-00C04F79EFBC}") = "RoutingExample", "RoutingExample\RoutingExample.csproj", "{91DFD462-AAF8-4A6B-BD62-0B8B08C7C21C}"
EndProject
Global
	GlobalSection(SolutionConfigurationPlatforms) = preSolution
		Debug|Any CPU = Debug|Any CPU
		Release|Any CPU = Release|Any CPU
	EndGlobalSection
	GlobalSection(ProjectConfigurationPlatforms) = postSolution
		{91DFD462-AAF8-4A6B-BD62-0B8B08C7C21C}.Debug|Any CPU.ActiveCfg = Debug|Any CPU
		{91DFD462-AAF8-4A6B-BD62-0B8B08C7C21C}.Debug|Any CPU.Build.0 = Debug|Any CPU
		{91DFD462-AAF8-4A6B-BD62-0B8B08C7C21C}.Release|Any CPU.ActiveCfg = Release|Any CPU
		{91DFD462-AAF8-4A6B-BD62-0B8B08C7C21C}.Release|Any CPU.Build.0 = Release|Any CPU
	EndGlobalSection
	GlobalSection(SolutionProperties) = preSolution
		HideSolutionNode = FALSE
	EndGlobalSection
	GlobalSection(ExtensibilityGlobals) = postSolution
		SolutionGuid = {DC1978FF-9E70-4CD8-B9C1-C55A864EFAB9}
	EndGlobalSection
EndGlobal
