
Microsoft Visual Studio Solution File, Format Version 12.00
# Visual Studio Version 17
VisualStudioVersion = 17.0.32112.339
MinimumVisualStudioVersion = 10.0.40219.1
Project("{FAE04EC0-301F-11D3-BF4B-00C04F79EFBC}") = "StaticFilesExample", "StaticFilesExample\StaticFilesExample.csproj", "{5A7EA912-7A29-4CB9-991F-BE7B1532B8E1}"
EndProject
Global
	GlobalSection(SolutionConfigurationPlatforms) = preSolution
		Debug|Any CPU = Debug|Any CPU
		Release|Any CPU = Release|Any CPU
	EndGlobalSection
	GlobalSection(ProjectConfigurationPlatforms) = postSolution
		{5A7EA912-7A29-4CB9-991F-BE7B1532B8E1}.Debug|Any CPU.ActiveCfg = Debug|Any CPU
		{5A7EA912-7A29-4CB9-991F-BE7B1532B8E1}.Debug|Any CPU.Build.0 = Debug|Any CPU
		{5A7EA912-7A29-4CB9-991F-BE7B1532B8E1}.Release|Any CPU.ActiveCfg = Release|Any CPU
		{5A7EA912-7A29-4CB9-991F-BE7B1532B8E1}.Release|Any CPU.Build.0 = Release|Any CPU
	EndGlobalSection
	GlobalSection(SolutionProperties) = preSolution
		HideSolutionNode = FALSE
	EndGlobalSection
	GlobalSection(ExtensibilityGlobals) = postSolution
		SolutionGuid = {3EF7A0E8-8002-4771-9FA6-4EB4FDD12BCE}
	EndGlobalSection
EndGlobal
