
Microsoft Visual Studio Solution File, Format Version 12.00
# Visual Studio Version 17
VisualStudioVersion = 17.3.32811.315
MinimumVisualStudioVersion = 10.0.40219.1
Project("{FAE04EC0-301F-11D3-BF4B-00C04F79EFBC}") = "LoginSolution", "LoginSolution\LoginSolution.csproj", "{A03256C8-47E1-40A6-9568-2A747BB23611}"
EndProject
Global
	GlobalSection(SolutionConfigurationPlatforms) = preSolution
		Debug|Any CPU = Debug|Any CPU
		Release|Any CPU = Release|Any CPU
	EndGlobalSection
	GlobalSection(ProjectConfigurationPlatforms) = postSolution
		{A03256C8-47E1-40A6-9568-2A747BB23611}.Debug|Any CPU.ActiveCfg = Debug|Any CPU
		{A03256C8-47E1-40A6-9568-2A747BB23611}.Debug|Any CPU.Build.0 = Debug|Any CPU
		{A03256C8-47E1-40A6-9568-2A747BB23611}.Release|Any CPU.ActiveCfg = Release|Any CPU
		{A03256C8-47E1-40A6-9568-2A747BB23611}.Release|Any CPU.Build.0 = Release|Any CPU
	EndGlobalSection
	GlobalSection(SolutionProperties) = preSolution
		HideSolutionNode = FALSE
	EndGlobalSection
	GlobalSection(ExtensibilityGlobals) = postSolution
		SolutionGuid = {44A3EBF6-A34E-4CC3-BD63-B2791B680D48}
	EndGlobalSection
EndGlobal
